
Microsoft Visual Studio Solution File, Format Version 12.00
# Visual Studio Version 16
VisualStudioVersion = 16.0.29911.84
MinimumVisualStudioVersion = 10.0.40219.1
Project("{8BC9CEB8-8B4A-11D0-8D11-00A0C91BC942}") = "Accountmanagement", "Accountmanagement.vcxproj", "{F7694ACF-C6A6-4569-820E-C5626233FC91}"
EndProject
Global
	GlobalSection(SolutionConfigurationPlatforms) = preSolution
		Debug|x64 = Debug|x64
		Debug|x86 = Debug|x86
		Release|x64 = Release|x64
		Release|x86 = Release|x86
	EndGlobalSection
	GlobalSection(ProjectConfigurationPlatforms) = postSolution
		{F7694ACF-C6A6-4569-820E-C5626233FC91}.Debug|x64.ActiveCfg = Debug|x64
		{F7694ACF-C6A6-4569-820E-C5626233FC91}.Debug|x64.Build.0 = Debug|x64
		{F7694ACF-C6A6-4569-820E-C5626233FC91}.Debug|x86.ActiveCfg = Debug|Win32
		{F7694ACF-C6A6-4569-820E-C5626233FC91}.Debug|x86.Build.0 = Debug|Win32
		{F7694ACF-C6A6-4569-820E-C5626233FC91}.Release|x64.ActiveCfg = Release|x64
		{F7694ACF-C6A6-4569-820E-C5626233FC91}.Release|x64.Build.0 = Release|x64
		{F7694ACF-C6A6-4569-820E-C5626233FC91}.Release|x86.ActiveCfg = Release|Win32
		{F7694ACF-C6A6-4569-820E-C5626233FC91}.Release|x86.Build.0 = Release|Win32
	EndGlobalSection
	GlobalSection(SolutionProperties) = preSolution
		HideSolutionNode = FALSE
	EndGlobalSection
	GlobalSection(ExtensibilityGlobals) = postSolution
		SolutionGuid = {CB9AF676-8C19-4344-B66F-5C76D8294A9B}
	EndGlobalSection
EndGlobal
